
Microsoft Visual Studio Solution File, Format Version 12.00
# Visual Studio Version 17
VisualStudioVersion = 17.9.34723.18
MinimumVisualStudioVersion = 10.0.40219.1
Project("{FAE04EC0-301F-11D3-BF4B-00C04F79EFBC}") = "TestSolution", "TestSolution\TestSolution.csproj", "{0973F264-50BC-41EE-9111-09527AFC8A52}"
EndProject
Global
	GlobalSection(SolutionConfigurationPlatforms) = preSolution
		Debug|Any CPU = Debug|Any CPU
		Release|Any CPU = Release|Any CPU
	EndGlobalSection
	GlobalSection(ProjectConfigurationPlatforms) = postSolution
		{0973F264-50BC-41EE-9111-09527AFC8A52}.Debug|Any CPU.ActiveCfg = Debug|Any CPU
		{0973F264-50BC-41EE-9111-09527AFC8A52}.Debug|Any CPU.Build.0 = Debug|Any CPU
		{0973F264-50BC-41EE-9111-09527AFC8A52}.Release|Any CPU.ActiveCfg = Release|Any CPU
		{0973F264-50BC-41EE-9111-09527AFC8A52}.Release|Any CPU.Build.0 = Release|Any CPU
	EndGlobalSection
	GlobalSection(SolutionProperties) = preSolution
		HideSolutionNode = FALSE
	EndGlobalSection
	GlobalSection(ExtensibilityGlobals) = postSolution
		SolutionGuid = {2DD2C0F6-4381-439B-B307-A50A85E8A503}
	EndGlobalSection
EndGlobal
